
Microsoft Visual Studio Solution File, Format Version 12.00
# Visual Studio Version 17
VisualStudioVersion = 17.8.34511.84
MinimumVisualStudioVersion = 10.0.40219.1
Project("{9A19103F-16F7-4668-BE54-9A1E7A4F7556}") = "HoneyRaesAPI", "HoneyRaesAPI.csproj", "{65FA10FF-34AE-43C5-BF5A-F62B31D55142}"
EndProject
Global
	GlobalSection(SolutionConfigurationPlatforms) = preSolution
		Debug|Any CPU = Debug|Any CPU
		Release|Any CPU = Release|Any CPU
	EndGlobalSection
	GlobalSection(ProjectConfigurationPlatforms) = postSolution
		{65FA10FF-34AE-43C5-BF5A-F62B31D55142}.Debug|Any CPU.ActiveCfg = Debug|Any CPU
		{65FA10FF-34AE-43C5-BF5A-F62B31D55142}.Debug|Any CPU.Build.0 = Debug|Any CPU
		{65FA10FF-34AE-43C5-BF5A-F62B31D55142}.Release|Any CPU.ActiveCfg = Release|Any CPU
		{65FA10FF-34AE-43C5-BF5A-F62B31D55142}.Release|Any CPU.Build.0 = Release|Any CPU
	EndGlobalSection
	GlobalSection(SolutionProperties) = preSolution
		HideSolutionNode = FALSE
	EndGlobalSection
	GlobalSection(ExtensibilityGlobals) = postSolution
		SolutionGuid = {A04F255B-27F3-4C8B-8736-38539D8E680D}
	EndGlobalSection
EndGlobal
